{
	"name": "@o-platform/o-process",
	"version": "0.1.0",
	"lockfileVersion": 2,
	"requires": true,
	"packages": {
		"": {
			"name": "@o-platform/o-process",
			"version": "0.1.0",
			"license": "LGPL-3.0-or-later",
			"dependencies": {
				"@xstate/fsm": "^1.5.2",
				"xstate": "^4.14.1",
				"xstate-svelte": "^1.0.1"
			},
			"devDependencies": {
				"@types/yup": "^0.29.11",
				"typescript": "^4.1.3"
			}
		},
		"../o-events": {
			"name": "@o-platform/o-events",
			"version": "0.1.0",
			"extraneous": true,
			"license": "ISC",
			"devDependencies": {
				"typescript": "^4.1.3"
			}
		},
		"node_modules/@types/yup": {
			"version": "0.29.11",
			"resolved": "https://registry.npmjs.org/@types/yup/-/yup-0.29.11.tgz",
			"integrity": "sha512-9cwk3c87qQKZrT251EDoibiYRILjCmxBvvcb4meofCmx1vdnNcR9gyildy5vOHASpOKMsn42CugxUvcwK5eu1g==",
			"dev": true
		},
		"node_modules/@xstate/fsm": {
			"version": "1.5.2",
			"license": "MIT"
		},
		"node_modules/tslib": {
			"version": "2.1.0",
			"license": "0BSD"
		},
		"node_modules/typescript": {
			"version": "4.1.3",
			"dev": true,
			"license": "Apache-2.0",
			"bin": {
				"tsc": "bin/tsc",
				"tsserver": "bin/tsserver"
			},
			"engines": {
				"node": ">=4.2.0"
			}
		},
		"node_modules/xstate": {
			"version": "4.16.0",
			"license": "MIT",
			"funding": {
				"type": "opencollective",
				"url": "https://opencollective.com/xstate"
			}
		},
		"node_modules/xstate-svelte": {
			"version": "1.0.1",
			"license": "MIT",
			"dependencies": {
				"tslib": "^2.0.3"
			},
			"engines": {
				"node": ">=10"
			},
			"peerDependencies": {
				"@xstate/fsm": "^1.3.0",
				"svelte": "^3.20.0",
				"xstate": "^4.8.0"
			}
		}
	},
	"dependencies": {
		"@types/yup": {
			"version": "0.29.11",
			"resolved": "https://registry.npmjs.org/@types/yup/-/yup-0.29.11.tgz",
			"integrity": "sha512-9cwk3c87qQKZrT251EDoibiYRILjCmxBvvcb4meofCmx1vdnNcR9gyildy5vOHASpOKMsn42CugxUvcwK5eu1g==",
			"dev": true
		},
		"@xstate/fsm": {
			"version": "1.5.2"
		},
		"tslib": {
			"version": "2.1.0"
		},
		"typescript": {
			"version": "4.1.3",
			"dev": true
		},
		"xstate": {
			"version": "4.16.0"
		},
		"xstate-svelte": {
			"version": "1.0.1",
			"requires": {
				"tslib": "^2.0.3"
			}
		}
	}
}
